
Microsoft Visual Studio Solution File, Format Version 12.00
# Visual Studio 2013
VisualStudioVersion = 12.0.31101.0
MinimumVisualStudioVersion = 10.0.40219.1
Project("{FAE04EC0-301F-11D3-BF4B-00C04F79EFBC}") = "Cerulean", "Cerulean\Cerulean.csproj", "{FFF40D11-0C0F-448E-91AE-F320D5862F82}"
EndProject
Project("{FAE04EC0-301F-11D3-BF4B-00C04F79EFBC}") = "Cerulean.Lib", "Cerulean.Lib\Cerulean.Lib.csproj", "{4951D0DE-49E9-412B-B2A2-394A4AB2A60C}"
EndProject
Global
	GlobalSection(SolutionConfigurationPlatforms) = preSolution
		Debug|Any CPU = Debug|Any CPU
		Release|Any CPU = Release|Any CPU
	EndGlobalSection
	GlobalSection(ProjectConfigurationPlatforms) = postSolution
		{FFF40D11-0C0F-448E-91AE-F320D5862F82}.Debug|Any CPU.ActiveCfg = Debug|Any CPU
		{FFF40D11-0C0F-448E-91AE-F320D5862F82}.Debug|Any CPU.Build.0 = Debug|Any CPU
		{FFF40D11-0C0F-448E-91AE-F320D5862F82}.Release|Any CPU.ActiveCfg = Release|Any CPU
		{FFF40D11-0C0F-448E-91AE-F320D5862F82}.Release|Any CPU.Build.0 = Release|Any CPU
		{4951D0DE-49E9-412B-B2A2-394A4AB2A60C}.Debug|Any CPU.ActiveCfg = Debug|Any CPU
		{4951D0DE-49E9-412B-B2A2-394A4AB2A60C}.Debug|Any CPU.Build.0 = Debug|Any CPU
		{4951D0DE-49E9-412B-B2A2-394A4AB2A60C}.Release|Any CPU.ActiveCfg = Release|Any CPU
		{4951D0DE-49E9-412B-B2A2-394A4AB2A60C}.Release|Any CPU.Build.0 = Release|Any CPU
	EndGlobalSection
	GlobalSection(SolutionProperties) = preSolution
		HideSolutionNode = FALSE
	EndGlobalSection
EndGlobal
